
Microsoft Visual Studio Solution File, Format Version 12.00
# Visual Studio Version 17
VisualStudioVersion = 17.3.32825.248
MinimumVisualStudioVersion = 10.0.40219.1
Project("{FAE04EC0-301F-11D3-BF4B-00C04F79EFBC}") = "463613-Ryan Kusnadi-ResponsiJuniorProject", "463613-Ryan Kusnadi-ResponsiJuniorProject\463613-Ryan Kusnadi-ResponsiJuniorProject.csproj", "{F1D59328-BEE5-4B03-A30A-5FA84A6DE675}"
EndProject
Global
	GlobalSection(SolutionConfigurationPlatforms) = preSolution
		Debug|Any CPU = Debug|Any CPU
		Release|Any CPU = Release|Any CPU
	EndGlobalSection
	GlobalSection(ProjectConfigurationPlatforms) = postSolution
		{F1D59328-BEE5-4B03-A30A-5FA84A6DE675}.Debug|Any CPU.ActiveCfg = Debug|Any CPU
		{F1D59328-BEE5-4B03-A30A-5FA84A6DE675}.Debug|Any CPU.Build.0 = Debug|Any CPU
		{F1D59328-BEE5-4B03-A30A-5FA84A6DE675}.Release|Any CPU.ActiveCfg = Release|Any CPU
		{F1D59328-BEE5-4B03-A30A-5FA84A6DE675}.Release|Any CPU.Build.0 = Release|Any CPU
	EndGlobalSection
	GlobalSection(SolutionProperties) = preSolution
		HideSolutionNode = FALSE
	EndGlobalSection
	GlobalSection(ExtensibilityGlobals) = postSolution
		SolutionGuid = {3CE5C514-D73D-4CEC-A3AD-6D798E29974E}
	EndGlobalSection
EndGlobal
